
Microsoft Visual Studio Solution File, Format Version 12.00
# Visual Studio Version 17
VisualStudioVersion = 17.5.33424.131
MinimumVisualStudioVersion = 10.0.40219.1
Project("{FAE04EC0-301F-11D3-BF4B-00C04F79EFBC}") = "ConsoleApp1", "ConsoleApp1\ConsoleApp1.csproj", "{ED36CBCA-0282-416D-8BD2-E63853623AFD}"
EndProject
Global
	GlobalSection(SolutionConfigurationPlatforms) = preSolution
		Debug|Any CPU = Debug|Any CPU
		Release|Any CPU = Release|Any CPU
	EndGlobalSection
	GlobalSection(ProjectConfigurationPlatforms) = postSolution
		{ED36CBCA-0282-416D-8BD2-E63853623AFD}.Debug|Any CPU.ActiveCfg = Debug|Any CPU
		{ED36CBCA-0282-416D-8BD2-E63853623AFD}.Debug|Any CPU.Build.0 = Debug|Any CPU
		{ED36CBCA-0282-416D-8BD2-E63853623AFD}.Release|Any CPU.ActiveCfg = Release|Any CPU
		{ED36CBCA-0282-416D-8BD2-E63853623AFD}.Release|Any CPU.Build.0 = Release|Any CPU
	EndGlobalSection
	GlobalSection(SolutionProperties) = preSolution
		HideSolutionNode = FALSE
	EndGlobalSection
	GlobalSection(ExtensibilityGlobals) = postSolution
		SolutionGuid = {728D28C4-3D75-4A9D-BF86-8CEA04A9B25B}
	EndGlobalSection
EndGlobal
